// !$*UTF8*$!
{
	archiveVersion = 1;
	classes = {
	};
	objectVersion = 56;
	objects = {

/* Begin PBXBuildFile section */
		3724E9B42C98276E00618D8E /* AppUICreator.swift in Sources */ = {isa = PBXBuildFile; fileRef = 3724E9B32C98276E00618D8E /* AppUICreator.swift */; };
		3724E9B62C9827CF00618D8E /* String.ext.swift in Sources */ = {isa = PBXBuildFile; fileRef = 3724E9B52C9827CF00618D8E /* String.ext.swift */; };
		3724E9B92C98281E00618D8E /* UIFont.ext.swift in Sources */ = {isa = PBXBuildFile; fileRef = 3724E9B82C98281E00618D8E /* UIFont.ext.swift */; };
		3724E9BB2C98283900618D8E /* CormorantGaramond-Bold.ttf in Resources */ = {isa = PBXBuildFile; fileRef = 3724E9BA2C98283900618D8E /* CormorantGaramond-Bold.ttf */; };
		3724E9BD2C98283E00618D8E /* CormorantGaramond-Regular.ttf in Resources */ = {isa = PBXBuildFile; fileRef = 3724E9BC2C98283E00618D8E /* CormorantGaramond-Regular.ttf */; };
		3724E9C12C985AD300618D8E /* FavoriteTableViewCell.swift in Sources */ = {isa = PBXBuildFile; fileRef = 3724E9C02C985AD300618D8E /* FavoriteTableViewCell.swift */; };
		372F67622C95B927001786CE /* AppDelegate.swift in Sources */ = {isa = PBXBuildFile; fileRef = 372F67612C95B927001786CE /* AppDelegate.swift */; };
		372F67642C95B927001786CE /* SceneDelegate.swift in Sources */ = {isa = PBXBuildFile; fileRef = 372F67632C95B927001786CE /* SceneDelegate.swift */; };
		372F676B2C95B92A001786CE /* Assets.xcassets in Resources */ = {isa = PBXBuildFile; fileRef = 372F676A2C95B92A001786CE /* Assets.xcassets */; };
		372F676E2C95B92A001786CE /* Base in Resources */ = {isa = PBXBuildFile; fileRef = 372F676D2C95B92A001786CE /* Base */; };
		372F677D2C96C8B6001786CE /* FavoriteViewController.swift in Sources */ = {isa = PBXBuildFile; fileRef = 372F677C2C96C8B6001786CE /* FavoriteViewController.swift */; };
		372F677F2C96C928001786CE /* Builder.swift in Sources */ = {isa = PBXBuildFile; fileRef = 372F677E2C96C928001786CE /* Builder.swift */; };
		372F678A2C96CE64001786CE /* UIView.ext.swift in Sources */ = {isa = PBXBuildFile; fileRef = 372F67892C96CE64001786CE /* UIView.ext.swift */; };
		372F678E2C96D1BB001786CE /* FavoriteModel.swift in Sources */ = {isa = PBXBuildFile; fileRef = 372F678D2C96D1BB001786CE /* FavoriteModel.swift */; };
		372F67902C96D1F5001786CE /* FavoriteView.swift in Sources */ = {isa = PBXBuildFile; fileRef = 372F678F2C96D1F5001786CE /* FavoriteView.swift */; };
		372F67932C96D2B3001786CE /* FavoritePresenter.swift in Sources */ = {isa = PBXBuildFile; fileRef = 372F67922C96D2B3001786CE /* FavoritePresenter.swift */; };
		372F67962C96DF8A001786CE /* NetworkService.swift in Sources */ = {isa = PBXBuildFile; fileRef = 372F67952C96DF8A001786CE /* NetworkService.swift */; };
		375709C42C96E7C4002E5F6B /* UnsplashViewController.swift in Sources */ = {isa = PBXBuildFile; fileRef = 375709C32C96E7C4002E5F6B /* UnsplashViewController.swift */; };
		375709CA2C96FCDA002E5F6B /* UnsplashPresenter.swift in Sources */ = {isa = PBXBuildFile; fileRef = 375709C92C96FCDA002E5F6B /* UnsplashPresenter.swift */; };
		375709D02C96FED8002E5F6B /* InfoViewController.swift in Sources */ = {isa = PBXBuildFile; fileRef = 375709CF2C96FED8002E5F6B /* InfoViewController.swift */; };
		375709D32C97016E002E5F6B /* InfoView.swift in Sources */ = {isa = PBXBuildFile; fileRef = 375709D22C97016E002E5F6B /* InfoView.swift */; };
		375709D52C97017C002E5F6B /* InfoPresenter.swift in Sources */ = {isa = PBXBuildFile; fileRef = 375709D42C97017C002E5F6B /* InfoPresenter.swift */; };
		375709D82C9701EB002E5F6B /* PhotoInfoModel.swift in Sources */ = {isa = PBXBuildFile; fileRef = 375709D72C9701EB002E5F6B /* PhotoInfoModel.swift */; };
		375709DE2C975115002E5F6B /* InfoModel.swift in Sources */ = {isa = PBXBuildFile; fileRef = 375709DD2C975115002E5F6B /* InfoModel.swift */; };
		376EE7FF2C98743D00B35197 /* UIViewControllerProtocol.swift in Sources */ = {isa = PBXBuildFile; fileRef = 376EE7FE2C98743D00B35197 /* UIViewControllerProtocol.swift */; };
		901B0F00C9493721FE590E3B /* Pods_WhiteAndFluffy.framework in Frameworks */ = {isa = PBXBuildFile; fileRef = 22EDE8560DBFC6E82A58A58A /* Pods_WhiteAndFluffy.framework */; };
/* End PBXBuildFile section */

/* Begin PBXFileReference section */
		22EDE8560DBFC6E82A58A58A /* Pods_WhiteAndFluffy.framework */ = {isa = PBXFileReference; explicitFileType = wrapper.framework; includeInIndex = 0; path = Pods_WhiteAndFluffy.framework; sourceTree = BUILT_PRODUCTS_DIR; };
		3724E9B32C98276E00618D8E /* AppUICreator.swift */ = {isa = PBXFileReference; lastKnownFileType = sourcecode.swift; path = AppUICreator.swift; sourceTree = "<group>"; };
		3724E9B52C9827CF00618D8E /* String.ext.swift */ = {isa = PBXFileReference; lastKnownFileType = sourcecode.swift; path = String.ext.swift; sourceTree = "<group>"; };
		3724E9B82C98281E00618D8E /* UIFont.ext.swift */ = {isa = PBXFileReference; lastKnownFileType = sourcecode.swift; path = UIFont.ext.swift; sourceTree = "<group>"; };
		3724E9BA2C98283900618D8E /* CormorantGaramond-Bold.ttf */ = {isa = PBXFileReference; lastKnownFileType = file; path = "CormorantGaramond-Bold.ttf"; sourceTree = "<group>"; };
		3724E9BC2C98283E00618D8E /* CormorantGaramond-Regular.ttf */ = {isa = PBXFileReference; lastKnownFileType = file; path = "CormorantGaramond-Regular.ttf"; sourceTree = "<group>"; };
		3724E9C02C985AD300618D8E /* FavoriteTableViewCell.swift */ = {isa = PBXFileReference; lastKnownFileType = sourcecode.swift; path = FavoriteTableViewCell.swift; sourceTree = "<group>"; };
		372F675E2C95B927001786CE /* WhiteAndFluffy.app */ = {isa = PBXFileReference; explicitFileType = wrapper.application; includeInIndex = 0; path = WhiteAndFluffy.app; sourceTree = BUILT_PRODUCTS_DIR; };
		372F67612C95B927001786CE /* AppDelegate.swift */ = {isa = PBXFileReference; lastKnownFileType = sourcecode.swift; path = AppDelegate.swift; sourceTree = "<group>"; };
		372F67632C95B927001786CE /* SceneDelegate.swift */ = {isa = PBXFileReference; lastKnownFileType = sourcecode.swift; path = SceneDelegate.swift; sourceTree = "<group>"; };
		372F676A2C95B92A001786CE /* Assets.xcassets */ = {isa = PBXFileReference; lastKnownFileType = folder.assetcatalog; path = Assets.xcassets; sourceTree = "<group>"; };
		372F676D2C95B92A001786CE /* Base */ = {isa = PBXFileReference; lastKnownFileType = file.storyboard; name = Base; path = Base.lproj/LaunchScreen.storyboard; sourceTree = "<group>"; };
		372F676F2C95B92A001786CE /* Info.plist */ = {isa = PBXFileReference; lastKnownFileType = text.plist.xml; path = Info.plist; sourceTree = "<group>"; };
		372F677C2C96C8B6001786CE /* FavoriteViewController.swift */ = {isa = PBXFileReference; lastKnownFileType = sourcecode.swift; path = FavoriteViewController.swift; sourceTree = "<group>"; };
		372F677E2C96C928001786CE /* Builder.swift */ = {isa = PBXFileReference; lastKnownFileType = sourcecode.swift; path = Builder.swift; sourceTree = "<group>"; };
		372F67892C96CE64001786CE /* UIView.ext.swift */ = {isa = PBXFileReference; lastKnownFileType = sourcecode.swift; path = UIView.ext.swift; sourceTree = "<group>"; };
		372F678D2C96D1BB001786CE /* FavoriteModel.swift */ = {isa = PBXFileReference; lastKnownFileType = sourcecode.swift; path = FavoriteModel.swift; sourceTree = "<group>"; };
		372F678F2C96D1F5001786CE /* FavoriteView.swift */ = {isa = PBXFileReference; lastKnownFileType = sourcecode.swift; path = FavoriteView.swift; sourceTree = "<group>"; };
		372F67922C96D2B3001786CE /* FavoritePresenter.swift */ = {isa = PBXFileReference; lastKnownFileType = sourcecode.swift; path = FavoritePresenter.swift; sourceTree = "<group>"; };
		372F67952C96DF8A001786CE /* NetworkService.swift */ = {isa = PBXFileReference; lastKnownFileType = sourcecode.swift; path = NetworkService.swift; sourceTree = "<group>"; };
		375709C32C96E7C4002E5F6B /* UnsplashViewController.swift */ = {isa = PBXFileReference; lastKnownFileType = sourcecode.swift; path = UnsplashViewController.swift; sourceTree = "<group>"; };
		375709C92C96FCDA002E5F6B /* UnsplashPresenter.swift */ = {isa = PBXFileReference; lastKnownFileType = sourcecode.swift; path = UnsplashPresenter.swift; sourceTree = "<group>"; };
		375709CF2C96FED8002E5F6B /* InfoViewController.swift */ = {isa = PBXFileReference; lastKnownFileType = sourcecode.swift; path = InfoViewController.swift; sourceTree = "<group>"; };
		375709D22C97016E002E5F6B /* InfoView.swift */ = {isa = PBXFileReference; lastKnownFileType = sourcecode.swift; path = InfoView.swift; sourceTree = "<group>"; };
		375709D42C97017C002E5F6B /* InfoPresenter.swift */ = {isa = PBXFileReference; lastKnownFileType = sourcecode.swift; path = InfoPresenter.swift; sourceTree = "<group>"; };
		375709D72C9701EB002E5F6B /* PhotoInfoModel.swift */ = {isa = PBXFileReference; lastKnownFileType = sourcecode.swift; path = PhotoInfoModel.swift; sourceTree = "<group>"; };
		375709DD2C975115002E5F6B /* InfoModel.swift */ = {isa = PBXFileReference; lastKnownFileType = sourcecode.swift; path = InfoModel.swift; sourceTree = "<group>"; };
		376EE7FE2C98743D00B35197 /* UIViewControllerProtocol.swift */ = {isa = PBXFileReference; lastKnownFileType = sourcecode.swift; path = UIViewControllerProtocol.swift; sourceTree = "<group>"; };
		376EE8032C98D05100B35197 /* README.md */ = {isa = PBXFileReference; lastKnownFileType = net.daringfireball.markdown; path = README.md; sourceTree = "<group>"; };
		4CDB25494AAA6FCD2F5DAA9F /* Pods-WhiteAndFluffy.release.xcconfig */ = {isa = PBXFileReference; includeInIndex = 1; lastKnownFileType = text.xcconfig; name = "Pods-WhiteAndFluffy.release.xcconfig"; path = "Target Support Files/Pods-WhiteAndFluffy/Pods-WhiteAndFluffy.release.xcconfig"; sourceTree = "<group>"; };
		82DB31CF568698A875627267 /* Pods-WhiteAndFluffy.debug.xcconfig */ = {isa = PBXFileReference; includeInIndex = 1; lastKnownFileType = text.xcconfig; name = "Pods-WhiteAndFluffy.debug.xcconfig"; path = "Target Support Files/Pods-WhiteAndFluffy/Pods-WhiteAndFluffy.debug.xcconfig"; sourceTree = "<group>"; };
/* End PBXFileReference section */

/* Begin PBXFrameworksBuildPhase section */
		372F675B2C95B927001786CE /* Frameworks */ = {
			isa = PBXFrameworksBuildPhase;
			buildActionMask = 2147483647;
			files = (
				901B0F00C9493721FE590E3B /* Pods_WhiteAndFluffy.framework in Frameworks */,
			);
			runOnlyForDeploymentPostprocessing = 0;
		};
/* End PBXFrameworksBuildPhase section */

/* Begin PBXGroup section */
		306B2037D008E8855705C690 /* Frameworks */ = {
			isa = PBXGroup;
			children = (
				22EDE8560DBFC6E82A58A58A /* Pods_WhiteAndFluffy.framework */,
			);
			name = Frameworks;
			sourceTree = "<group>";
		};
		3724E9B72C9827F100618D8E /* Fonts */ = {
			isa = PBXGroup;
			children = (
				3724E9BC2C98283E00618D8E /* CormorantGaramond-Regular.ttf */,
				3724E9BA2C98283900618D8E /* CormorantGaramond-Bold.ttf */,
			);
			path = Fonts;
			sourceTree = "<group>";
		};
		372F67552C95B927001786CE = {
			isa = PBXGroup;
			children = (
				372F67602C95B927001786CE /* WhiteAndFluffy */,
				372F675F2C95B927001786CE /* Products */,
				53E89E03219ACFDA5EC16722 /* Pods */,
				306B2037D008E8855705C690 /* Frameworks */,
			);
			sourceTree = "<group>";
		};
		372F675F2C95B927001786CE /* Products */ = {
			isa = PBXGroup;
			children = (
				372F675E2C95B927001786CE /* WhiteAndFluffy.app */,
			);
			name = Products;
			sourceTree = "<group>";
		};
		372F67602C95B927001786CE /* WhiteAndFluffy */ = {
			isa = PBXGroup;
			children = (
				372F677E2C96C928001786CE /* Builder.swift */,
				376EE8032C98D05100B35197 /* README.md */,
				372F67752C96C72A001786CE /* Screens */,
				3724E9B32C98276E00618D8E /* AppUICreator.swift */,
				376EE7FD2C98742B00B35197 /* Protocol */,
				372F67942C96DC38001786CE /* NetworkService */,
				3724E9B72C9827F100618D8E /* Fonts */,
				372F67882C96CE47001786CE /* Extension */,
				372F67632C95B927001786CE /* SceneDelegate.swift */,
				372F67612C95B927001786CE /* AppDelegate.swift */,
				372F676A2C95B92A001786CE /* Assets.xcassets */,
				372F676C2C95B92A001786CE /* LaunchScreen.storyboard */,
				372F676F2C95B92A001786CE /* Info.plist */,
			);
			path = WhiteAndFluffy;
			sourceTree = "<group>";
		};
		372F67752C96C72A001786CE /* Screens */ = {
			isa = PBXGroup;
			children = (
				375709CD2C96FE78002E5F6B /* Information */,
				375709C52C96F9B3002E5F6B /* Unsplash */,
				372F67772C96C775001786CE /* Favorite */,
			);
			path = Screens;
			sourceTree = "<group>";
		};
		372F67772C96C775001786CE /* Favorite */ = {
			isa = PBXGroup;
			children = (
				372F678C2C96D1A9001786CE /* Model */,
				372F67792C96C86C001786CE /* View */,
				372F678B2C96D1A0001786CE /* Presenter */,
			);
			path = Favorite;
			sourceTree = "<group>";
		};
		372F67792C96C86C001786CE /* View */ = {
			isa = PBXGroup;
			children = (
				372F677C2C96C8B6001786CE /* FavoriteViewController.swift */,
				372F678F2C96D1F5001786CE /* FavoriteView.swift */,
				3724E9C02C985AD300618D8E /* FavoriteTableViewCell.swift */,
			);
			path = View;
			sourceTree = "<group>";
		};
		372F67882C96CE47001786CE /* Extension */ = {
			isa = PBXGroup;
			children = (
				372F67892C96CE64001786CE /* UIView.ext.swift */,
				3724E9B52C9827CF00618D8E /* String.ext.swift */,
				3724E9B82C98281E00618D8E /* UIFont.ext.swift */,
			);
			path = Extension;
			sourceTree = "<group>";
		};
		372F678B2C96D1A0001786CE /* Presenter */ = {
			isa = PBXGroup;
			children = (
				372F67922C96D2B3001786CE /* FavoritePresenter.swift */,
			);
			path = Presenter;
			sourceTree = "<group>";
		};
		372F678C2C96D1A9001786CE /* Model */ = {
			isa = PBXGroup;
			children = (
				372F678D2C96D1BB001786CE /* FavoriteModel.swift */,
			);
			path = Model;
			sourceTree = "<group>";
		};
		372F67942C96DC38001786CE /* NetworkService */ = {
			isa = PBXGroup;
			children = (
				372F67952C96DF8A001786CE /* NetworkService.swift */,
			);
			path = NetworkService;
			sourceTree = "<group>";
		};
		375709C52C96F9B3002E5F6B /* Unsplash */ = {
			isa = PBXGroup;
			children = (
				375709D92C974899002E5F6B /* View */,
				375709DA2C97489F002E5F6B /* Presenter */,
			);
			path = Unsplash;
			sourceTree = "<group>";
		};
		375709CD2C96FE78002E5F6B /* Information */ = {
			isa = PBXGroup;
			children = (
				375709D62C9701DD002E5F6B /* Model */,
				375709CE2C96FEBB002E5F6B /* View */,
				375709D12C970157002E5F6B /* Presenter */,
			);
			path = Information;
			sourceTree = "<group>";
		};
		375709CE2C96FEBB002E5F6B /* View */ = {
			isa = PBXGroup;
			children = (
				375709CF2C96FED8002E5F6B /* InfoViewController.swift */,
				375709D22C97016E002E5F6B /* InfoView.swift */,
			);
			path = View;
			sourceTree = "<group>";
		};
		375709D12C970157002E5F6B /* Presenter */ = {
			isa = PBXGroup;
			children = (
				375709D42C97017C002E5F6B /* InfoPresenter.swift */,
			);
			path = Presenter;
			sourceTree = "<group>";
		};
		375709D62C9701DD002E5F6B /* Model */ = {
			isa = PBXGroup;
			children = (
				375709D72C9701EB002E5F6B /* PhotoInfoModel.swift */,
				375709DD2C975115002E5F6B /* InfoModel.swift */,
			);
			path = Model;
			sourceTree = "<group>";
		};
		375709D92C974899002E5F6B /* View */ = {
			isa = PBXGroup;
			children = (
				375709C32C96E7C4002E5F6B /* UnsplashViewController.swift */,
			);
			path = View;
			sourceTree = "<group>";
		};
		375709DA2C97489F002E5F6B /* Presenter */ = {
			isa = PBXGroup;
			children = (
				375709C92C96FCDA002E5F6B /* UnsplashPresenter.swift */,
			);
			path = Presenter;
			sourceTree = "<group>";
		};
		376EE7FD2C98742B00B35197 /* Protocol */ = {
			isa = PBXGroup;
			children = (
				376EE7FE2C98743D00B35197 /* UIViewControllerProtocol.swift */,
			);
			path = Protocol;
			sourceTree = "<group>";
		};
		53E89E03219ACFDA5EC16722 /* Pods */ = {
			isa = PBXGroup;
			children = (
				82DB31CF568698A875627267 /* Pods-WhiteAndFluffy.debug.xcconfig */,
				4CDB25494AAA6FCD2F5DAA9F /* Pods-WhiteAndFluffy.release.xcconfig */,
			);
			path = Pods;
			sourceTree = "<group>";
		};
/* End PBXGroup section */

/* Begin PBXNativeTarget section */
		372F675D2C95B927001786CE /* WhiteAndFluffy */ = {
			isa = PBXNativeTarget;
			buildConfigurationList = 372F67722C95B92A001786CE /* Build configuration list for PBXNativeTarget "WhiteAndFluffy" */;
			buildPhases = (
				1739ADC75E9FCF1F09D71486 /* [CP] Check Pods Manifest.lock */,
				372F675A2C95B927001786CE /* Sources */,
				372F675B2C95B927001786CE /* Frameworks */,
				372F675C2C95B927001786CE /* Resources */,
				F204D192ABDF3BF2CE7D100B /* [CP] Embed Pods Frameworks */,
			);
			buildRules = (
			);
			dependencies = (
			);
			name = WhiteAndFluffy;
			productName = WhiteAndFluffy;
			productReference = 372F675E2C95B927001786CE /* WhiteAndFluffy.app */;
			productType = "com.apple.product-type.application";
		};
/* End PBXNativeTarget section */

/* Begin PBXProject section */
		372F67562C95B927001786CE /* Project object */ = {
			isa = PBXProject;
			attributes = {
				BuildIndependentTargetsInParallel = 1;
				LastSwiftUpdateCheck = 1540;
				LastUpgradeCheck = 1540;
				TargetAttributes = {
					372F675D2C95B927001786CE = {
						CreatedOnToolsVersion = 15.4;
					};
				};
			};
			buildConfigurationList = 372F67592C95B927001786CE /* Build configuration list for PBXProject "WhiteAndFluffy" */;
			compatibilityVersion = "Xcode 14.0";
			developmentRegion = en;
			hasScannedForEncodings = 0;
			knownRegions = (
				en,
				Base,
			);
			mainGroup = 372F67552C95B927001786CE;
			productRefGroup = 372F675F2C95B927001786CE /* Products */;
			projectDirPath = "";
			projectRoot = "";
			targets = (
				372F675D2C95B927001786CE /* WhiteAndFluffy */,
			);
		};
/* End PBXProject section */

/* Begin PBXResourcesBuildPhase section */
		372F675C2C95B927001786CE /* Resources */ = {
			isa = PBXResourcesBuildPhase;
			buildActionMask = 2147483647;
			files = (
				372F676B2C95B92A001786CE /* Assets.xcassets in Resources */,
				3724E9BB2C98283900618D8E /* CormorantGaramond-Bold.ttf in Resources */,
				3724E9BD2C98283E00618D8E /* CormorantGaramond-Regular.ttf in Resources */,
				372F676E2C95B92A001786CE /* Base in Resources */,
			);
			runOnlyForDeploymentPostprocessing = 0;
		};
/* End PBXResourcesBuildPhase section */

/* Begin PBXShellScriptBuildPhase section */
		1739ADC75E9FCF1F09D71486 /* [CP] Check Pods Manifest.lock */ = {
			isa = PBXShellScriptBuildPhase;
			buildActionMask = 2147483647;
			files = (
			);
			inputFileListPaths = (
			);
			inputPaths = (
				"${PODS_PODFILE_DIR_PATH}/Podfile.lock",
				"${PODS_ROOT}/Manifest.lock",
			);
			name = "[CP] Check Pods Manifest.lock";
			outputFileListPaths = (
			);
			outputPaths = (
				"$(DERIVED_FILE_DIR)/Pods-WhiteAndFluffy-checkManifestLockResult.txt",
			);
			runOnlyForDeploymentPostprocessing = 0;
			shellPath = /bin/sh;
			shellScript = "diff \"${PODS_PODFILE_DIR_PATH}/Podfile.lock\" \"${PODS_ROOT}/Manifest.lock\" > /dev/null\nif [ $? != 0 ] ; then\n    # print error to STDERR\n    echo \"error: The sandbox is not in sync with the Podfile.lock. Run 'pod install' or update your CocoaPods installation.\" >&2\n    exit 1\nfi\n# This output is used by Xcode 'outputs' to avoid re-running this script phase.\necho \"SUCCESS\" > \"${SCRIPT_OUTPUT_FILE_0}\"\n";
			showEnvVarsInLog = 0;
		};
		F204D192ABDF3BF2CE7D100B /* [CP] Embed Pods Frameworks */ = {
			isa = PBXShellScriptBuildPhase;
			buildActionMask = 2147483647;
			files = (
			);
			inputFileListPaths = (
				"${PODS_ROOT}/Target Support Files/Pods-WhiteAndFluffy/Pods-WhiteAndFluffy-frameworks-${CONFIGURATION}-input-files.xcfilelist",
			);
			name = "[CP] Embed Pods Frameworks";
			outputFileListPaths = (
				"${PODS_ROOT}/Target Support Files/Pods-WhiteAndFluffy/Pods-WhiteAndFluffy-frameworks-${CONFIGURATION}-output-files.xcfilelist",
			);
			runOnlyForDeploymentPostprocessing = 0;
			shellPath = /bin/sh;
			shellScript = "\"${PODS_ROOT}/Target Support Files/Pods-WhiteAndFluffy/Pods-WhiteAndFluffy-frameworks.sh\"\n";
			showEnvVarsInLog = 0;
		};
/* End PBXShellScriptBuildPhase section */

/* Begin PBXSourcesBuildPhase section */
		372F675A2C95B927001786CE /* Sources */ = {
			isa = PBXSourcesBuildPhase;
			buildActionMask = 2147483647;
			files = (
				3724E9B62C9827CF00618D8E /* String.ext.swift in Sources */,
				372F678E2C96D1BB001786CE /* FavoriteModel.swift in Sources */,
				372F67622C95B927001786CE /* AppDelegate.swift in Sources */,
				372F678A2C96CE64001786CE /* UIView.ext.swift in Sources */,
				375709D32C97016E002E5F6B /* InfoView.swift in Sources */,
				372F67902C96D1F5001786CE /* FavoriteView.swift in Sources */,
				372F67932C96D2B3001786CE /* FavoritePresenter.swift in Sources */,
				375709C42C96E7C4002E5F6B /* UnsplashViewController.swift in Sources */,
				375709DE2C975115002E5F6B /* InfoModel.swift in Sources */,
				3724E9B42C98276E00618D8E /* AppUICreator.swift in Sources */,
				375709D52C97017C002E5F6B /* InfoPresenter.swift in Sources */,
				372F677D2C96C8B6001786CE /* FavoriteViewController.swift in Sources */,
				372F67642C95B927001786CE /* SceneDelegate.swift in Sources */,
				375709CA2C96FCDA002E5F6B /* UnsplashPresenter.swift in Sources */,
				372F677F2C96C928001786CE /* Builder.swift in Sources */,
				375709D82C9701EB002E5F6B /* PhotoInfoModel.swift in Sources */,
				375709D02C96FED8002E5F6B /* InfoViewController.swift in Sources */,
				372F67962C96DF8A001786CE /* NetworkService.swift in Sources */,
				3724E9C12C985AD300618D8E /* FavoriteTableViewCell.swift in Sources */,
				376EE7FF2C98743D00B35197 /* UIViewControllerProtocol.swift in Sources */,
				3724E9B92C98281E00618D8E /* UIFont.ext.swift in Sources */,
			);
			runOnlyForDeploymentPostprocessing = 0;
		};
/* End PBXSourcesBuildPhase section */

/* Begin PBXVariantGroup section */
		372F676C2C95B92A001786CE /* LaunchScreen.storyboard */ = {
			isa = PBXVariantGroup;
			children = (
				372F676D2C95B92A001786CE /* Base */,
			);
			name = LaunchScreen.storyboard;
			sourceTree = "<group>";
		};
/* End PBXVariantGroup section */

/* Begin XCBuildConfiguration section */
		372F67702C95B92A001786CE /* Debug */ = {
			isa = XCBuildConfiguration;
			buildSettings = {
				ALWAYS_SEARCH_USER_PATHS = NO;
				ASSETCATALOG_COMPILER_GENERATE_SWIFT_ASSET_SYMBOL_EXTENSIONS = YES;
				CLANG_ANALYZER_NONNULL = YES;
				CLANG_ANALYZER_NUMBER_OBJECT_CONVERSION = YES_AGGRESSIVE;
				CLANG_CXX_LANGUAGE_STANDARD = "gnu++20";
				CLANG_ENABLE_MODULES = YES;
				CLANG_ENABLE_OBJC_ARC = YES;
				CLANG_ENABLE_OBJC_WEAK = YES;
				CLANG_WARN_BLOCK_CAPTURE_AUTORELEASING = YES;
				CLANG_WARN_BOOL_CONVERSION = YES;
				CLANG_WARN_COMMA = YES;
				CLANG_WARN_CONSTANT_CONVERSION = YES;
				CLANG_WARN_DEPRECATED_OBJC_IMPLEMENTATIONS = YES;
				CLANG_WARN_DIRECT_OBJC_ISA_USAGE = YES_ERROR;
				CLANG_WARN_DOCUMENTATION_COMMENTS = YES;
				CLANG_WARN_EMPTY_BODY = YES;
				CLANG_WARN_ENUM_CONVERSION = YES;
				CLANG_WARN_INFINITE_RECURSION = YES;
				CLANG_WARN_INT_CONVERSION = YES;
				CLANG_WARN_NON_LITERAL_NULL_CONVERSION = YES;
				CLANG_WARN_OBJC_IMPLICIT_RETAIN_SELF = YES;
				CLANG_WARN_OBJC_LITERAL_CONVERSION = YES;
				CLANG_WARN_OBJC_ROOT_CLASS = YES_ERROR;
				CLANG_WARN_QUOTED_INCLUDE_IN_FRAMEWORK_HEADER = YES;
				CLANG_WARN_RANGE_LOOP_ANALYSIS = YES;
				CLANG_WARN_STRICT_PROTOTYPES = YES;
				CLANG_WARN_SUSPICIOUS_MOVE = YES;
				CLANG_WARN_UNGUARDED_AVAILABILITY = YES_AGGRESSIVE;
				CLANG_WARN_UNREACHABLE_CODE = YES;
				CLANG_WARN__DUPLICATE_METHOD_MATCH = YES;
				COPY_PHASE_STRIP = NO;
				DEBUG_INFORMATION_FORMAT = dwarf;
				ENABLE_STRICT_OBJC_MSGSEND = YES;
				ENABLE_TESTABILITY = YES;
				ENABLE_USER_SCRIPT_SANDBOXING = NO;
				GCC_C_LANGUAGE_STANDARD = gnu17;
				GCC_DYNAMIC_NO_PIC = NO;
				GCC_NO_COMMON_BLOCKS = YES;
				GCC_OPTIMIZATION_LEVEL = 0;
				GCC_PREPROCESSOR_DEFINITIONS = (
					"DEBUG=1",
					"$(inherited)",
				);
				GCC_WARN_64_TO_32_BIT_CONVERSION = YES;
				GCC_WARN_ABOUT_RETURN_TYPE = YES_ERROR;
				GCC_WARN_UNDECLARED_SELECTOR = YES;
				GCC_WARN_UNINITIALIZED_AUTOS = YES_AGGRESSIVE;
				GCC_WARN_UNUSED_FUNCTION = YES;
				GCC_WARN_UNUSED_VARIABLE = YES;
				IPHONEOS_DEPLOYMENT_TARGET = 17.5;
				LOCALIZATION_PREFERS_STRING_CATALOGS = YES;
				MTL_ENABLE_DEBUG_INFO = INCLUDE_SOURCE;
				MTL_FAST_MATH = YES;
				ONLY_ACTIVE_ARCH = YES;
				SDKROOT = iphoneos;
				SWIFT_ACTIVE_COMPILATION_CONDITIONS = "DEBUG $(inherited)";
				SWIFT_OPTIMIZATION_LEVEL = "-Onone";
			};
			name = Debug;
		};
		372F67712C95B92A001786CE /* Release */ = {
			isa = XCBuildConfiguration;
			buildSettings = {
				ALWAYS_SEARCH_USER_PATHS = NO;
				ASSETCATALOG_COMPILER_GENERATE_SWIFT_ASSET_SYMBOL_EXTENSIONS = YES;
				CLANG_ANALYZER_NONNULL = YES;
				CLANG_ANALYZER_NUMBER_OBJECT_CONVERSION = YES_AGGRESSIVE;
				CLANG_CXX_LANGUAGE_STANDARD = "gnu++20";
				CLANG_ENABLE_MODULES = YES;
				CLANG_ENABLE_OBJC_ARC = YES;
				CLANG_ENABLE_OBJC_WEAK = YES;
				CLANG_WARN_BLOCK_CAPTURE_AUTORELEASING = YES;
				CLANG_WARN_BOOL_CONVERSION = YES;
				CLANG_WARN_COMMA = YES;
				CLANG_WARN_CONSTANT_CONVERSION = YES;
				CLANG_WARN_DEPRECATED_OBJC_IMPLEMENTATIONS = YES;
				CLANG_WARN_DIRECT_OBJC_ISA_USAGE = YES_ERROR;
				CLANG_WARN_DOCUMENTATION_COMMENTS = YES;
				CLANG_WARN_EMPTY_BODY = YES;
				CLANG_WARN_ENUM_CONVERSION = YES;
				CLANG_WARN_INFINITE_RECURSION = YES;
				CLANG_WARN_INT_CONVERSION = YES;
				CLANG_WARN_NON_LITERAL_NULL_CONVERSION = YES;
				CLANG_WARN_OBJC_IMPLICIT_RETAIN_SELF = YES;
				CLANG_WARN_OBJC_LITERAL_CONVERSION = YES;
				CLANG_WARN_OBJC_ROOT_CLASS = YES_ERROR;
				CLANG_WARN_QUOTED_INCLUDE_IN_FRAMEWORK_HEADER = YES;
				CLANG_WARN_RANGE_LOOP_ANALYSIS = YES;
				CLANG_WARN_STRICT_PROTOTYPES = YES;
				CLANG_WARN_SUSPICIOUS_MOVE = YES;
				CLANG_WARN_UNGUARDED_AVAILABILITY = YES_AGGRESSIVE;
				CLANG_WARN_UNREACHABLE_CODE = YES;
				CLANG_WARN__DUPLICATE_METHOD_MATCH = YES;
				COPY_PHASE_STRIP = NO;
				DEBUG_INFORMATION_FORMAT = "dwarf-with-dsym";
				ENABLE_NS_ASSERTIONS = NO;
				ENABLE_STRICT_OBJC_MSGSEND = YES;
				ENABLE_USER_SCRIPT_SANDBOXING = NO;
				GCC_C_LANGUAGE_STANDARD = gnu17;
				GCC_NO_COMMON_BLOCKS = YES;
				GCC_WARN_64_TO_32_BIT_CONVERSION = YES;
				GCC_WARN_ABOUT_RETURN_TYPE = YES_ERROR;
				GCC_WARN_UNDECLARED_SELECTOR = YES;
				GCC_WARN_UNINITIALIZED_AUTOS = YES_AGGRESSIVE;
				GCC_WARN_UNUSED_FUNCTION = YES;
				GCC_WARN_UNUSED_VARIABLE = YES;
				IPHONEOS_DEPLOYMENT_TARGET = 17.5;
				LOCALIZATION_PREFERS_STRING_CATALOGS = YES;
				MTL_ENABLE_DEBUG_INFO = NO;
				MTL_FAST_MATH = YES;
				SDKROOT = iphoneos;
				SWIFT_COMPILATION_MODE = wholemodule;
				VALIDATE_PRODUCT = YES;
			};
			name = Release;
		};
		372F67732C95B92A001786CE /* Debug */ = {
			isa = XCBuildConfiguration;
			baseConfigurationReference = 82DB31CF568698A875627267 /* Pods-WhiteAndFluffy.debug.xcconfig */;
			buildSettings = {
				ASSETCATALOG_COMPILER_APPICON_NAME = AppIcon;
				ASSETCATALOG_COMPILER_GLOBAL_ACCENT_COLOR_NAME = AccentColor;
				CODE_SIGN_STYLE = Automatic;
				CURRENT_PROJECT_VERSION = 1;
				DEVELOPMENT_TEAM = T3Y57V3BSA;
				GENERATE_INFOPLIST_FILE = YES;
				INFOPLIST_FILE = WhiteAndFluffy/Info.plist;
				INFOPLIST_KEY_UIApplicationSupportsIndirectInputEvents = YES;
				INFOPLIST_KEY_UILaunchStoryboardName = LaunchScreen;
				INFOPLIST_KEY_UISupportedInterfaceOrientations_iPad = "UIInterfaceOrientationPortrait UIInterfaceOrientationPortraitUpsideDown UIInterfaceOrientationLandscapeLeft UIInterfaceOrientationLandscapeRight";
				INFOPLIST_KEY_UISupportedInterfaceOrientations_iPhone = "UIInterfaceOrientationPortrait UIInterfaceOrientationLandscapeLeft UIInterfaceOrientationLandscapeRight";
				LD_RUNPATH_SEARCH_PATHS = (
					"$(inherited)",
					"@executable_path/Frameworks",
				);
				MARKETING_VERSION = 1.0;
				PRODUCT_BUNDLE_IDENTIFIER = com.grad0ff.Developer.WhiteAndFluffy;
				PRODUCT_NAME = "$(TARGET_NAME)";
				SWIFT_EMIT_LOC_STRINGS = YES;
				SWIFT_VERSION = 5.0;
				TARGETED_DEVICE_FAMILY = "1,2";
			};
			name = Debug;
		};
		372F67742C95B92A001786CE /* Release */ = {
			isa = XCBuildConfiguration;
			baseConfigurationReference = 4CDB25494AAA6FCD2F5DAA9F /* Pods-WhiteAndFluffy.release.xcconfig */;
			buildSettings = {
				ASSETCATALOG_COMPILER_APPICON_NAME = AppIcon;
				ASSETCATALOG_COMPILER_GLOBAL_ACCENT_COLOR_NAME = AccentColor;
				CODE_SIGN_STYLE = Automatic;
				CURRENT_PROJECT_VERSION = 1;
				DEVELOPMENT_TEAM = T3Y57V3BSA;
				GENERATE_INFOPLIST_FILE = YES;
				INFOPLIST_FILE = WhiteAndFluffy/Info.plist;
				INFOPLIST_KEY_UIApplicationSupportsIndirectInputEvents = YES;
				INFOPLIST_KEY_UILaunchStoryboardName = LaunchScreen;
				INFOPLIST_KEY_UISupportedInterfaceOrientations_iPad = "UIInterfaceOrientationPortrait UIInterfaceOrientationPortraitUpsideDown UIInterfaceOrientationLandscapeLeft UIInterfaceOrientationLandscapeRight";
				INFOPLIST_KEY_UISupportedInterfaceOrientations_iPhone = "UIInterfaceOrientationPortrait UIInterfaceOrientationLandscapeLeft UIInterfaceOrientationLandscapeRight";
				LD_RUNPATH_SEARCH_PATHS = (
					"$(inherited)",
					"@executable_path/Frameworks",
				);
				MARKETING_VERSION = 1.0;
				PRODUCT_BUNDLE_IDENTIFIER = com.grad0ff.Developer.WhiteAndFluffy;
				PRODUCT_NAME = "$(TARGET_NAME)";
				SWIFT_EMIT_LOC_STRINGS = YES;
				SWIFT_VERSION = 5.0;
				TARGETED_DEVICE_FAMILY = "1,2";
			};
			name = Release;
		};
/* End XCBuildConfiguration section */

/* Begin XCConfigurationList section */
		372F67592C95B927001786CE /* Build configuration list for PBXProject "WhiteAndFluffy" */ = {
			isa = XCConfigurationList;
			buildConfigurations = (
				372F67702C95B92A001786CE /* Debug */,
				372F67712C95B92A001786CE /* Release */,
			);
			defaultConfigurationIsVisible = 0;
			defaultConfigurationName = Release;
		};
		372F67722C95B92A001786CE /* Build configuration list for PBXNativeTarget "WhiteAndFluffy" */ = {
			isa = XCConfigurationList;
			buildConfigurations = (
				372F67732C95B92A001786CE /* Debug */,
				372F67742C95B92A001786CE /* Release */,
			);
			defaultConfigurationIsVisible = 0;
			defaultConfigurationName = Release;
		};
/* End XCConfigurationList section */
	};
	rootObject = 372F67562C95B927001786CE /* Project object */;
}
